{
	"name": "handy-demo-app-ts",
	"version": "1.0.6",
	"lockfileVersion": 1,
	"requires": true,
	"dependencies": {
		"@types/history": {
			"version": "4.7.2",
			"resolved": "https://registry.npmjs.org/@types/history/-/history-4.7.2.tgz",
			"integrity": "sha512-ui3WwXmjTaY73fOQ3/m3nnajU/Orhi6cEu5rzX+BrAAJxa3eITXZ5ch9suPqtM03OWhAHhPSyBGCN4UKoxO20Q=="
		},
		"@types/node": {
			"version": "10.12.2",
			"resolved": "https://registry.npmjs.org/@types/node/-/node-10.12.2.tgz",
			"integrity": "sha512-53ElVDSnZeFUUFIYzI8WLQ25IhWzb6vbddNp8UHlXQyU0ET2RhV5zg0NfubzU7iNMh5bBXb0htCzfvrSVNgzaQ=="
		},
		"@types/prop-types": {
			"version": "15.5.6",
			"resolved": "https://registry.npmjs.org/@types/prop-types/-/prop-types-15.5.6.tgz",
			"integrity": "sha512-ZBFR7TROLVzCkswA3Fmqq+IIJt62/T7aY/Dmz+QkU7CaW2QFqAitCE8Ups7IzmGhcN1YWMBT4Qcoc07jU9hOJQ=="
		},
		"@types/react": {
			"version": "16.4.18",
			"resolved": "https://registry.npmjs.org/@types/react/-/react-16.4.18.tgz",
			"integrity": "sha512-eFzJKEg6pdeaukVLVZ8Xb79CTl/ysX+ExmOfAAqcFlCCK5TgFDD9kWR0S18sglQ3EmM8U+80enjUqbfnUyqpdA==",
			"requires": {
				"@types/prop-types": "15.5.6",
				"csstype": "2.5.7"
			}
		},
		"@types/react-dom": {
			"version": "16.0.9",
			"resolved": "https://registry.npmjs.org/@types/react-dom/-/react-dom-16.0.9.tgz",
			"integrity": "sha512-4Z0bW+75zeQgsEg7RaNuS1k9MKhci7oQqZXxrV5KUGIyXZHHAAL3KA4rjhdH8o6foZ5xsRMSqkoM5A3yRVPR5w==",
			"requires": {
				"@types/node": "10.12.2",
				"@types/react": "16.4.18"
			}
		},
		"@types/react-router": {
			"version": "4.4.0",
			"resolved": "https://registry.npmjs.org/@types/react-router/-/react-router-4.4.0.tgz",
			"integrity": "sha512-b16Fpy4nsxC4Ntu72+VAl0kYd1qrT8M5aRGBJ0D4RoY5QeGaA5VguPWu1If2+g2dLNvb8A4vAMQAcDgYdQ4L9w==",
			"requires": {
				"@types/history": "4.7.2",
				"@types/react": "16.4.18"
			}
		},
		"@types/react-router-dom": {
			"version": "4.3.1",
			"resolved": "https://registry.npmjs.org/@types/react-router-dom/-/react-router-dom-4.3.1.tgz",
			"integrity": "sha512-GbztJAScOmQ/7RsQfO4cd55RuH1W4g6V1gDW3j4riLlt+8yxYLqqsiMzmyuXBLzdFmDtX/uU2Bpcm0cmudv44A==",
			"requires": {
				"@types/history": "4.7.2",
				"@types/react": "16.4.18",
				"@types/react-router": "4.4.0"
			}
		},
		"csstype": {
			"version": "2.5.7",
			"resolved": "https://registry.npmjs.org/csstype/-/csstype-2.5.7.tgz",
			"integrity": "sha512-Nt5VDyOTIIV4/nRFswoCKps1R5CD1hkiyjBE9/thNaNZILLEviVw9yWQw15+O+CpNjQKB/uvdcxFFOrSflY3Yw=="
		},
		"history": {
			"version": "4.7.2",
			"resolved": "https://registry.npmjs.org/history/-/history-4.7.2.tgz",
			"integrity": "sha512-1zkBRWW6XweO0NBcjiphtVJVsIQ+SXF29z9DVkceeaSLVMFXHool+fdCZD4spDCfZJCILPILc3bm7Bc+HRi0nA==",
			"requires": {
				"invariant": "2.2.4",
				"loose-envify": "1.4.0",
				"resolve-pathname": "2.2.0",
				"value-equal": "0.4.0",
				"warning": "3.0.0"
			},
			"dependencies": {
				"warning": {
					"version": "3.0.0",
					"resolved": "https://registry.npmjs.org/warning/-/warning-3.0.0.tgz",
					"integrity": "sha1-MuU3fLVy3kqwR1O9+IIcAe1gW3w=",
					"requires": {
						"loose-envify": "1.4.0"
					}
				}
			}
		},
		"hoist-non-react-statics": {
			"version": "3.1.0",
			"resolved": "https://registry.npmjs.org/hoist-non-react-statics/-/hoist-non-react-statics-3.1.0.tgz",
			"integrity": "sha512-MYcYuROh7SBM69xHGqXEwQqDux34s9tz+sCnxJmN18kgWh6JFdTw/5YdZtqsOdZJXddE/wUpCzfEdDrJj8p0Iw==",
			"requires": {
				"react-is": "16.6.0"
			}
		},
		"invariant": {
			"version": "2.2.4",
			"resolved": "https://registry.npmjs.org/invariant/-/invariant-2.2.4.tgz",
			"integrity": "sha512-phJfQVBuaJM5raOpJjSfkiD6BpbCE4Ns//LaXl6wGYtUBY83nWS6Rf9tXm2e8VaK60JEjYldbPif/A2B1C2gNA==",
			"requires": {
				"loose-envify": "1.4.0"
			}
		},
		"isarray": {
			"version": "0.0.1",
			"resolved": "https://registry.npmjs.org/isarray/-/isarray-0.0.1.tgz",
			"integrity": "sha1-ihis/Kmo9Bd+Cav8YDiTmwXR7t8="
		},
		"js-tokens": {
			"version": "4.0.0",
			"resolved": "https://registry.npmjs.org/js-tokens/-/js-tokens-4.0.0.tgz",
			"integrity": "sha512-RdJUflcE3cUzKiMqQgsCu06FPu9UdIJO0beYbPhHN4k6apgJtifcoCtT9bcxOpYBtpD2kCM6Sbzg4CausW/PKQ=="
		},
		"loose-envify": {
			"version": "1.4.0",
			"resolved": "https://registry.npmjs.org/loose-envify/-/loose-envify-1.4.0.tgz",
			"integrity": "sha512-lyuxPGr/Wfhrlem2CL/UcnUc1zcqKAImBDzukY7Y5F/yQiNdko6+fRLevlw1HgMySw7f611UIY408EtxRSoK3Q==",
			"requires": {
				"js-tokens": "4.0.0"
			}
		},
		"mobx": {
			"version": "5.5.2",
			"resolved": "https://registry.npmjs.org/mobx/-/mobx-5.5.2.tgz",
			"integrity": "sha512-2/nZyxET6T2BvFDLYGSf5sMJ1N9wdV9zHtAkfkk+hzJL+kzQQ/vLdPS5UmwNNBqH1HF6FpIcZR+1BJ/jc3YrMQ=="
		},
		"mobx-react": {
			"version": "5.3.6",
			"resolved": "https://registry.npmjs.org/mobx-react/-/mobx-react-5.3.6.tgz",
			"integrity": "sha512-u0ehjkyMllnt+SQ/G5BACxwi4VkJOqDVauA7cL8UvDi4oLO1ID9Z5c/nudTdIAmtsDDhJSxW85mrgsA2Iv/56Q==",
			"requires": {
				"hoist-non-react-statics": "3.1.0",
				"react-lifecycles-compat": "3.0.4"
			}
		},
		"object-assign": {
			"version": "4.1.1",
			"resolved": "https://registry.npmjs.org/object-assign/-/object-assign-4.1.1.tgz",
			"integrity": "sha1-IQmtx5ZYh8/AXLvUQsrIv7s2CGM="
		},
		"path-to-regexp": {
			"version": "1.7.0",
			"resolved": "https://registry.npmjs.org/path-to-regexp/-/path-to-regexp-1.7.0.tgz",
			"integrity": "sha1-Wf3g9DW62suhA6hOnTvGTpa5k30=",
			"requires": {
				"isarray": "0.0.1"
			}
		},
		"prop-types": {
			"version": "15.6.2",
			"resolved": "https://registry.npmjs.org/prop-types/-/prop-types-15.6.2.tgz",
			"integrity": "sha512-3pboPvLiWD7dkI3qf3KbUe6hKFKa52w+AE0VCqECtf+QHAKgOL37tTaNCnuX1nAAQ4ZhyP+kYVKf8rLmJ/feDQ==",
			"requires": {
				"loose-envify": "1.4.0",
				"object-assign": "4.1.1"
			}
		},
		"react": {
			"version": "16.6.0",
			"resolved": "https://registry.npmjs.org/react/-/react-16.6.0.tgz",
			"integrity": "sha512-zJPnx/jKtuOEXCbQ9BKaxDMxR0001/hzxXwYxG8septeyYGfsgAei6NgfbVgOhbY1WOP2o3VPs/E9HaN+9hV3Q==",
			"requires": {
				"loose-envify": "1.4.0",
				"object-assign": "4.1.1",
				"prop-types": "15.6.2",
				"scheduler": "0.10.0"
			}
		},
		"react-dom": {
			"version": "16.6.0",
			"resolved": "https://registry.npmjs.org/react-dom/-/react-dom-16.6.0.tgz",
			"integrity": "sha512-Stm2D9dXEUUAQdvpvhvFj/DEXwC2PAL/RwEMhoN4dvvD2ikTlJegEXf97xryg88VIAU22ZAP7n842l+9BTz6+w==",
			"requires": {
				"loose-envify": "1.4.0",
				"object-assign": "4.1.1",
				"prop-types": "15.6.2",
				"scheduler": "0.10.0"
			}
		},
		"react-is": {
			"version": "16.6.0",
			"resolved": "https://registry.npmjs.org/react-is/-/react-is-16.6.0.tgz",
			"integrity": "sha512-q8U7k0Fi7oxF1HvQgyBjPwDXeMplEsArnKt2iYhuIF86+GBbgLHdAmokL3XUFjTd7Q363OSNG55FOGUdONVn1g=="
		},
		"react-lifecycles-compat": {
			"version": "3.0.4",
			"resolved": "https://registry.npmjs.org/react-lifecycles-compat/-/react-lifecycles-compat-3.0.4.tgz",
			"integrity": "sha512-fBASbA6LnOU9dOU2eW7aQ8xmYBSXUIWr+UmF9b1efZBazGNO+rcXT/icdKnYm2pTwcRylVUYwW7H1PHfLekVzA=="
		},
		"react-router": {
			"version": "4.3.1",
			"resolved": "https://registry.npmjs.org/react-router/-/react-router-4.3.1.tgz",
			"integrity": "sha512-yrvL8AogDh2X42Dt9iknk4wF4V8bWREPirFfS9gLU1huk6qK41sg7Z/1S81jjTrGHxa3B8R3J6xIkDAA6CVarg==",
			"requires": {
				"history": "4.7.2",
				"hoist-non-react-statics": "2.5.5",
				"invariant": "2.2.4",
				"loose-envify": "1.4.0",
				"path-to-regexp": "1.7.0",
				"prop-types": "15.6.2",
				"warning": "4.0.2"
			},
			"dependencies": {
				"hoist-non-react-statics": {
					"version": "2.5.5",
					"resolved": "https://registry.npmjs.org/hoist-non-react-statics/-/hoist-non-react-statics-2.5.5.tgz",
					"integrity": "sha512-rqcy4pJo55FTTLWt+bU8ukscqHeE/e9KWvsOW2b/a3afxQZhwkQdT1rPPCJ0rYXdj4vNcasY8zHTH+jF/qStxw=="
				}
			}
		},
		"react-router-dom": {
			"version": "4.3.1",
			"resolved": "https://registry.npmjs.org/react-router-dom/-/react-router-dom-4.3.1.tgz",
			"integrity": "sha512-c/MlywfxDdCp7EnB7YfPMOfMD3tOtIjrQlj/CKfNMBxdmpJP8xcz5P/UAFn3JbnQCNUxsHyVVqllF9LhgVyFCA==",
			"requires": {
				"history": "4.7.2",
				"invariant": "2.2.4",
				"loose-envify": "1.4.0",
				"prop-types": "15.6.2",
				"react-router": "4.3.1",
				"warning": "4.0.2"
			}
		},
		"resolve-pathname": {
			"version": "2.2.0",
			"resolved": "https://registry.npmjs.org/resolve-pathname/-/resolve-pathname-2.2.0.tgz",
			"integrity": "sha512-bAFz9ld18RzJfddgrO2e/0S2O81710++chRMUxHjXOYKF6jTAMrUNZrEZ1PvV0zlhfjidm08iRPdTLPno1FuRg=="
		},
		"scheduler": {
			"version": "0.10.0",
			"resolved": "https://registry.npmjs.org/scheduler/-/scheduler-0.10.0.tgz",
			"integrity": "sha512-+TSTVTCBAA3h8Anei3haDc1IRwMeDmtI/y/o3iBe3Mjl2vwYF9DtPDt929HyRmV/e7au7CLu8sc4C4W0VOs29w==",
			"requires": {
				"loose-envify": "1.4.0",
				"object-assign": "4.1.1"
			}
		},
		"value-equal": {
			"version": "0.4.0",
			"resolved": "https://registry.npmjs.org/value-equal/-/value-equal-0.4.0.tgz",
			"integrity": "sha512-x+cYdNnaA3CxvMaTX0INdTCN8m8aF2uY9BvEqmxuYp8bL09cs/kWVQPVGcA35fMktdOsP69IgU7wFj/61dJHEw=="
		},
		"warning": {
			"version": "4.0.2",
			"resolved": "https://registry.npmjs.org/warning/-/warning-4.0.2.tgz",
			"integrity": "sha512-wbTp09q/9C+jJn4KKJfJfoS6VleK/Dti0yqWSm6KMvJ4MRCXFQNapHuJXutJIrWV0Cf4AhTdeIe4qdKHR1+Hug==",
			"requires": {
				"loose-envify": "1.4.0"
			}
		},
		"whatwg-fetch": {
			"version": "3.0.0",
			"resolved": "https://registry.npmjs.org/whatwg-fetch/-/whatwg-fetch-3.0.0.tgz",
			"integrity": "sha512-9GSJUgz1D4MfyKU7KRqwOjXCXTqWdFNvEr7eUBYchQiVc744mqK/MzXPNR2WsPkmkOa4ywfg8C2n8h+13Bey1Q=="
		}
	}
}
